
Microsoft Visual Studio Solution File, Format Version 12.00
# Visual Studio Version 17
VisualStudioVersion = 17.9.34616.47
MinimumVisualStudioVersion = 10.0.40219.1
Project("{FAE04EC0-301F-11D3-BF4B-00C04F79EFBC}") = "WebApiAnimals", "WebApiAnimals.csproj", "{018B6F77-83ED-4B2D-9719-04E3D4E61276}"
EndProject
Global
	GlobalSection(SolutionConfigurationPlatforms) = preSolution
		Debug|Any CPU = Debug|Any CPU
		Release|Any CPU = Release|Any CPU
	EndGlobalSection
	GlobalSection(ProjectConfigurationPlatforms) = postSolution
		{018B6F77-83ED-4B2D-9719-04E3D4E61276}.Debug|Any CPU.ActiveCfg = Debug|Any CPU
		{018B6F77-83ED-4B2D-9719-04E3D4E61276}.Debug|Any CPU.Build.0 = Debug|Any CPU
		{018B6F77-83ED-4B2D-9719-04E3D4E61276}.Release|Any CPU.ActiveCfg = Release|Any CPU
		{018B6F77-83ED-4B2D-9719-04E3D4E61276}.Release|Any CPU.Build.0 = Release|Any CPU
	EndGlobalSection
	GlobalSection(SolutionProperties) = preSolution
		HideSolutionNode = FALSE
	EndGlobalSection
	GlobalSection(ExtensibilityGlobals) = postSolution
		SolutionGuid = {2BED057A-A31A-4215-84F9-9700F65266A8}
	EndGlobalSection
EndGlobal
